// !$*UTF8*$!
{
	archiveVersion = 1;
	classes = {
	};
	objectVersion = 55;
	objects = {

/* Begin PBXBuildFile section */
		A5C449AF28794E64006E7811 /* Tests_iOS.swift in Sources */ = {isa = PBXBuildFile; fileRef = A5C449AE28794E64006E7811 /* Tests_iOS.swift */; };
		A5C449B128794E64006E7811 /* Tests_iOSLaunchTests.swift in Sources */ = {isa = PBXBuildFile; fileRef = A5C449B028794E64006E7811 /* Tests_iOSLaunchTests.swift */; };
		A5C449BB28794E64006E7811 /* Tests_macOS.swift in Sources */ = {isa = PBXBuildFile; fileRef = A5C449BA28794E64006E7811 /* Tests_macOS.swift */; };
		A5C449BD28794E64006E7811 /* Tests_macOSLaunchTests.swift in Sources */ = {isa = PBXBuildFile; fileRef = A5C449BC28794E64006E7811 /* Tests_macOSLaunchTests.swift */; };
		A5C449BE28794E64006E7811 /* GITHUBApp.swift in Sources */ = {isa = PBXBuildFile; fileRef = A5C4499628794E5F006E7811 /* GITHUBApp.swift */; };
		A5C449BF28794E64006E7811 /* GITHUBApp.swift in Sources */ = {isa = PBXBuildFile; fileRef = A5C4499628794E5F006E7811 /* GITHUBApp.swift */; };
		A5C449C028794E64006E7811 /* MainView.swift in Sources */ = {isa = PBXBuildFile; fileRef = A5C4499728794E5F006E7811 /* MainView.swift */; };
		A5C449C128794E64006E7811 /* MainView.swift in Sources */ = {isa = PBXBuildFile; fileRef = A5C4499728794E5F006E7811 /* MainView.swift */; };
		A5C449C228794E64006E7811 /* Assets.xcassets in Resources */ = {isa = PBXBuildFile; fileRef = A5C4499828794E64006E7811 /* Assets.xcassets */; };
		A5C449C328794E64006E7811 /* Assets.xcassets in Resources */ = {isa = PBXBuildFile; fileRef = A5C4499828794E64006E7811 /* Assets.xcassets */; };
		A5C449D62879580A006E7811 /* SecondView.swift in Sources */ = {isa = PBXBuildFile; fileRef = A5C449D52879580A006E7811 /* SecondView.swift */; };
		A5C449D72879580A006E7811 /* SecondView.swift in Sources */ = {isa = PBXBuildFile; fileRef = A5C449D52879580A006E7811 /* SecondView.swift */; };
/* End PBXBuildFile section */

/* Begin PBXContainerItemProxy section */
		A5C449AB28794E64006E7811 /* PBXContainerItemProxy */ = {
			isa = PBXContainerItemProxy;
			containerPortal = A5C4499128794E5F006E7811 /* Project object */;
			proxyType = 1;
			remoteGlobalIDString = A5C4499C28794E64006E7811;
			remoteInfo = "GITHUB (iOS)";
		};
		A5C449B728794E64006E7811 /* PBXContainerItemProxy */ = {
			isa = PBXContainerItemProxy;
			containerPortal = A5C4499128794E5F006E7811 /* Project object */;
			proxyType = 1;
			remoteGlobalIDString = A5C449A228794E64006E7811;
			remoteInfo = "GITHUB (macOS)";
		};
/* End PBXContainerItemProxy section */

/* Begin PBXFileReference section */
		A5C4499628794E5F006E7811 /* GITHUBApp.swift */ = {isa = PBXFileReference; lastKnownFileType = sourcecode.swift; path = GITHUBApp.swift; sourceTree = "<group>"; };
		A5C4499728794E5F006E7811 /* MainView.swift */ = {isa = PBXFileReference; lastKnownFileType = sourcecode.swift; path = MainView.swift; sourceTree = "<group>"; };
		A5C4499828794E64006E7811 /* Assets.xcassets */ = {isa = PBXFileReference; lastKnownFileType = folder.assetcatalog; path = Assets.xcassets; sourceTree = "<group>"; };
		A5C4499D28794E64006E7811 /* GITHUB.app */ = {isa = PBXFileReference; explicitFileType = wrapper.application; includeInIndex = 0; path = GITHUB.app; sourceTree = BUILT_PRODUCTS_DIR; };
		A5C449A328794E64006E7811 /* GITHUB.app */ = {isa = PBXFileReference; explicitFileType = wrapper.application; includeInIndex = 0; path = GITHUB.app; sourceTree = BUILT_PRODUCTS_DIR; };
		A5C449A528794E64006E7811 /* macOS.entitlements */ = {isa = PBXFileReference; lastKnownFileType = text.plist.entitlements; path = macOS.entitlements; sourceTree = "<group>"; };
		A5C449AA28794E64006E7811 /* Tests iOS.xctest */ = {isa = PBXFileReference; explicitFileType = wrapper.cfbundle; includeInIndex = 0; path = "Tests iOS.xctest"; sourceTree = BUILT_PRODUCTS_DIR; };
		A5C449AE28794E64006E7811 /* Tests_iOS.swift */ = {isa = PBXFileReference; lastKnownFileType = sourcecode.swift; path = Tests_iOS.swift; sourceTree = "<group>"; };
		A5C449B028794E64006E7811 /* Tests_iOSLaunchTests.swift */ = {isa = PBXFileReference; lastKnownFileType = sourcecode.swift; path = Tests_iOSLaunchTests.swift; sourceTree = "<group>"; };
		A5C449B628794E64006E7811 /* Tests macOS.xctest */ = {isa = PBXFileReference; explicitFileType = wrapper.cfbundle; includeInIndex = 0; path = "Tests macOS.xctest"; sourceTree = BUILT_PRODUCTS_DIR; };
		A5C449BA28794E64006E7811 /* Tests_macOS.swift */ = {isa = PBXFileReference; lastKnownFileType = sourcecode.swift; path = Tests_macOS.swift; sourceTree = "<group>"; };
		A5C449BC28794E64006E7811 /* Tests_macOSLaunchTests.swift */ = {isa = PBXFileReference; lastKnownFileType = sourcecode.swift; path = Tests_macOSLaunchTests.swift; sourceTree = "<group>"; };
		A5C449D52879580A006E7811 /* SecondView.swift */ = {isa = PBXFileReference; lastKnownFileType = sourcecode.swift; path = SecondView.swift; sourceTree = "<group>"; };
/* End PBXFileReference section */

/* Begin PBXFrameworksBuildPhase section */
		A5C4499A28794E64006E7811 /* Frameworks */ = {
			isa = PBXFrameworksBuildPhase;
			buildActionMask = 2147483647;
			files = (
			);
			runOnlyForDeploymentPostprocessing = 0;
		};
		A5C449A028794E64006E7811 /* Frameworks */ = {
			isa = PBXFrameworksBuildPhase;
			buildActionMask = 2147483647;
			files = (
			);
			runOnlyForDeploymentPostprocessing = 0;
		};
		A5C449A728794E64006E7811 /* Frameworks */ = {
			isa = PBXFrameworksBuildPhase;
			buildActionMask = 2147483647;
			files = (
			);
			runOnlyForDeploymentPostprocessing = 0;
		};
		A5C449B328794E64006E7811 /* Frameworks */ = {
			isa = PBXFrameworksBuildPhase;
			buildActionMask = 2147483647;
			files = (
			);
			runOnlyForDeploymentPostprocessing = 0;
		};
/* End PBXFrameworksBuildPhase section */

/* Begin PBXGroup section */
		A5C4499028794E5F006E7811 = {
			isa = PBXGroup;
			children = (
				A5C4499528794E5F006E7811 /* Shared */,
				A5C449A428794E64006E7811 /* macOS */,
				A5C449AD28794E64006E7811 /* Tests iOS */,
				A5C449B928794E64006E7811 /* Tests macOS */,
				A5C4499E28794E64006E7811 /* Products */,
			);
			sourceTree = "<group>";
		};
		A5C4499528794E5F006E7811 /* Shared */ = {
			isa = PBXGroup;
			children = (
				A5C4499628794E5F006E7811 /* GITHUBApp.swift */,
				A5C4499728794E5F006E7811 /* MainView.swift */,
				A5C449D52879580A006E7811 /* SecondView.swift */,
				A5C4499828794E64006E7811 /* Assets.xcassets */,
			);
			path = Shared;
			sourceTree = "<group>";
		};
		A5C4499E28794E64006E7811 /* Products */ = {
			isa = PBXGroup;
			children = (
				A5C4499D28794E64006E7811 /* GITHUB.app */,
				A5C449A328794E64006E7811 /* GITHUB.app */,
				A5C449AA28794E64006E7811 /* Tests iOS.xctest */,
				A5C449B628794E64006E7811 /* Tests macOS.xctest */,
			);
			name = Products;
			sourceTree = "<group>";
		};
		A5C449A428794E64006E7811 /* macOS */ = {
			isa = PBXGroup;
			children = (
				A5C449A528794E64006E7811 /* macOS.entitlements */,
			);
			path = macOS;
			sourceTree = "<group>";
		};
		A5C449AD28794E64006E7811 /* Tests iOS */ = {
			isa = PBXGroup;
			children = (
				A5C449AE28794E64006E7811 /* Tests_iOS.swift */,
				A5C449B028794E64006E7811 /* Tests_iOSLaunchTests.swift */,
			);
			path = "Tests iOS";
			sourceTree = "<group>";
		};
		A5C449B928794E64006E7811 /* Tests macOS */ = {
			isa = PBXGroup;
			children = (
				A5C449BA28794E64006E7811 /* Tests_macOS.swift */,
				A5C449BC28794E64006E7811 /* Tests_macOSLaunchTests.swift */,
			);
			path = "Tests macOS";
			sourceTree = "<group>";
		};
/* End PBXGroup section */

/* Begin PBXNativeTarget section */
		A5C4499C28794E64006E7811 /* GITHUB (iOS) */ = {
			isa = PBXNativeTarget;
			buildConfigurationList = A5C449C628794E64006E7811 /* Build configuration list for PBXNativeTarget "GITHUB (iOS)" */;
			buildPhases = (
				A5C4499928794E64006E7811 /* Sources */,
				A5C4499A28794E64006E7811 /* Frameworks */,
				A5C4499B28794E64006E7811 /* Resources */,
			);
			buildRules = (
			);
			dependencies = (
			);
			name = "GITHUB (iOS)";
			productName = "GITHUB (iOS)";
			productReference = A5C4499D28794E64006E7811 /* GITHUB.app */;
			productType = "com.apple.product-type.application";
		};
		A5C449A228794E64006E7811 /* GITHUB (macOS) */ = {
			isa = PBXNativeTarget;
			buildConfigurationList = A5C449C928794E64006E7811 /* Build configuration list for PBXNativeTarget "GITHUB (macOS)" */;
			buildPhases = (
				A5C4499F28794E64006E7811 /* Sources */,
				A5C449A028794E64006E7811 /* Frameworks */,
				A5C449A128794E64006E7811 /* Resources */,
			);
			buildRules = (
			);
			dependencies = (
			);
			name = "GITHUB (macOS)";
			productName = "GITHUB (macOS)";
			productReference = A5C449A328794E64006E7811 /* GITHUB.app */;
			productType = "com.apple.product-type.application";
		};
		A5C449A928794E64006E7811 /* Tests iOS */ = {
			isa = PBXNativeTarget;
			buildConfigurationList = A5C449CC28794E64006E7811 /* Build configuration list for PBXNativeTarget "Tests iOS" */;
			buildPhases = (
				A5C449A628794E64006E7811 /* Sources */,
				A5C449A728794E64006E7811 /* Frameworks */,
				A5C449A828794E64006E7811 /* Resources */,
			);
			buildRules = (
			);
			dependencies = (
				A5C449AC28794E64006E7811 /* PBXTargetDependency */,
			);
			name = "Tests iOS";
			productName = "Tests iOS";
			productReference = A5C449AA28794E64006E7811 /* Tests iOS.xctest */;
			productType = "com.apple.product-type.bundle.ui-testing";
		};
		A5C449B528794E64006E7811 /* Tests macOS */ = {
			isa = PBXNativeTarget;
			buildConfigurationList = A5C449CF28794E64006E7811 /* Build configuration list for PBXNativeTarget "Tests macOS" */;
			buildPhases = (
				A5C449B228794E64006E7811 /* Sources */,
				A5C449B328794E64006E7811 /* Frameworks */,
				A5C449B428794E64006E7811 /* Resources */,
			);
			buildRules = (
			);
			dependencies = (
				A5C449B828794E64006E7811 /* PBXTargetDependency */,
			);
			name = "Tests macOS";
			productName = "Tests macOS";
			productReference = A5C449B628794E64006E7811 /* Tests macOS.xctest */;
			productType = "com.apple.product-type.bundle.ui-testing";
		};
/* End PBXNativeTarget section */

/* Begin PBXProject section */
		A5C4499128794E5F006E7811 /* Project object */ = {
			isa = PBXProject;
			attributes = {
				BuildIndependentTargetsInParallel = 1;
				LastSwiftUpdateCheck = 1340;
				LastUpgradeCheck = 1340;
				TargetAttributes = {
					A5C4499C28794E64006E7811 = {
						CreatedOnToolsVersion = 13.4.1;
					};
					A5C449A228794E64006E7811 = {
						CreatedOnToolsVersion = 13.4.1;
					};
					A5C449A928794E64006E7811 = {
						CreatedOnToolsVersion = 13.4.1;
						TestTargetID = A5C4499C28794E64006E7811;
					};
					A5C449B528794E64006E7811 = {
						CreatedOnToolsVersion = 13.4.1;
						TestTargetID = A5C449A228794E64006E7811;
					};
				};
			};
			buildConfigurationList = A5C4499428794E5F006E7811 /* Build configuration list for PBXProject "GITHUB" */;
			compatibilityVersion = "Xcode 13.0";
			developmentRegion = en;
			hasScannedForEncodings = 0;
			knownRegions = (
				en,
				Base,
			);
			mainGroup = A5C4499028794E5F006E7811;
			productRefGroup = A5C4499E28794E64006E7811 /* Products */;
			projectDirPath = "";
			projectRoot = "";
			targets = (
				A5C4499C28794E64006E7811 /* GITHUB (iOS) */,
				A5C449A228794E64006E7811 /* GITHUB (macOS) */,
				A5C449A928794E64006E7811 /* Tests iOS */,
				A5C449B528794E64006E7811 /* Tests macOS */,
			);
		};
/* End PBXProject section */

/* Begin PBXResourcesBuildPhase section */
		A5C4499B28794E64006E7811 /* Resources */ = {
			isa = PBXResourcesBuildPhase;
			buildActionMask = 2147483647;
			files = (
				A5C449C228794E64006E7811 /* Assets.xcassets in Resources */,
			);
			runOnlyForDeploymentPostprocessing = 0;
		};
		A5C449A128794E64006E7811 /* Resources */ = {
			isa = PBXResourcesBuildPhase;
			buildActionMask = 2147483647;
			files = (
				A5C449C328794E64006E7811 /* Assets.xcassets in Resources */,
			);
			runOnlyForDeploymentPostprocessing = 0;
		};
		A5C449A828794E64006E7811 /* Resources */ = {
			isa = PBXResourcesBuildPhase;
			buildActionMask = 2147483647;
			files = (
			);
			runOnlyForDeploymentPostprocessing = 0;
		};
		A5C449B428794E64006E7811 /* Resources */ = {
			isa = PBXResourcesBuildPhase;
			buildActionMask = 2147483647;
			files = (
			);
			runOnlyForDeploymentPostprocessing = 0;
		};
/* End PBXResourcesBuildPhase section */

/* Begin PBXSourcesBuildPhase section */
		A5C4499928794E64006E7811 /* Sources */ = {
			isa = PBXSourcesBuildPhase;
			buildActionMask = 2147483647;
			files = (
				A5C449D62879580A006E7811 /* SecondView.swift in Sources */,
				A5C449C028794E64006E7811 /* MainView.swift in Sources */,
				A5C449BE28794E64006E7811 /* GITHUBApp.swift in Sources */,
			);
			runOnlyForDeploymentPostprocessing = 0;
		};
		A5C4499F28794E64006E7811 /* Sources */ = {
			isa = PBXSourcesBuildPhase;
			buildActionMask = 2147483647;
			files = (
				A5C449D72879580A006E7811 /* SecondView.swift in Sources */,
				A5C449C128794E64006E7811 /* MainView.swift in Sources */,
				A5C449BF28794E64006E7811 /* GITHUBApp.swift in Sources */,
			);
			runOnlyForDeploymentPostprocessing = 0;
		};
		A5C449A628794E64006E7811 /* Sources */ = {
			isa = PBXSourcesBuildPhase;
			buildActionMask = 2147483647;
			files = (
				A5C449B128794E64006E7811 /* Tests_iOSLaunchTests.swift in Sources */,
				A5C449AF28794E64006E7811 /* Tests_iOS.swift in Sources */,
			);
			runOnlyForDeploymentPostprocessing = 0;
		};
		A5C449B228794E64006E7811 /* Sources */ = {
			isa = PBXSourcesBuildPhase;
			buildActionMask = 2147483647;
			files = (
				A5C449BD28794E64006E7811 /* Tests_macOSLaunchTests.swift in Sources */,
				A5C449BB28794E64006E7811 /* Tests_macOS.swift in Sources */,
			);
			runOnlyForDeploymentPostprocessing = 0;
		};
/* End PBXSourcesBuildPhase section */

/* Begin PBXTargetDependency section */
		A5C449AC28794E64006E7811 /* PBXTargetDependency */ = {
			isa = PBXTargetDependency;
			target = A5C4499C28794E64006E7811 /* GITHUB (iOS) */;
			targetProxy = A5C449AB28794E64006E7811 /* PBXContainerItemProxy */;
		};
		A5C449B828794E64006E7811 /* PBXTargetDependency */ = {
			isa = PBXTargetDependency;
			target = A5C449A228794E64006E7811 /* GITHUB (macOS) */;
			targetProxy = A5C449B728794E64006E7811 /* PBXContainerItemProxy */;
		};
/* End PBXTargetDependency section */

/* Begin XCBuildConfiguration section */
		A5C449C428794E64006E7811 /* Debug */ = {
			isa = XCBuildConfiguration;
			buildSettings = {
				ALWAYS_SEARCH_USER_PATHS = NO;
				CLANG_ANALYZER_NONNULL = YES;
				CLANG_ANALYZER_NUMBER_OBJECT_CONVERSION = YES_AGGRESSIVE;
				CLANG_CXX_LANGUAGE_STANDARD = "gnu++17";
				CLANG_ENABLE_MODULES = YES;
				CLANG_ENABLE_OBJC_ARC = YES;
				CLANG_ENABLE_OBJC_WEAK = YES;
				CLANG_WARN_BLOCK_CAPTURE_AUTORELEASING = YES;
				CLANG_WARN_BOOL_CONVERSION = YES;
				CLANG_WARN_COMMA = YES;
				CLANG_WARN_CONSTANT_CONVERSION = YES;
				CLANG_WARN_DEPRECATED_OBJC_IMPLEMENTATIONS = YES;
				CLANG_WARN_DIRECT_OBJC_ISA_USAGE = YES_ERROR;
				CLANG_WARN_DOCUMENTATION_COMMENTS = YES;
				CLANG_WARN_EMPTY_BODY = YES;
				CLANG_WARN_ENUM_CONVERSION = YES;
				CLANG_WARN_INFINITE_RECURSION = YES;
				CLANG_WARN_INT_CONVERSION = YES;
				CLANG_WARN_NON_LITERAL_NULL_CONVERSION = YES;
				CLANG_WARN_OBJC_IMPLICIT_RETAIN_SELF = YES;
				CLANG_WARN_OBJC_LITERAL_CONVERSION = YES;
				CLANG_WARN_OBJC_ROOT_CLASS = YES_ERROR;
				CLANG_WARN_QUOTED_INCLUDE_IN_FRAMEWORK_HEADER = YES;
				CLANG_WARN_RANGE_LOOP_ANALYSIS = YES;
				CLANG_WARN_STRICT_PROTOTYPES = YES;
				CLANG_WARN_SUSPICIOUS_MOVE = YES;
				CLANG_WARN_UNGUARDED_AVAILABILITY = YES_AGGRESSIVE;
				CLANG_WARN_UNREACHABLE_CODE = YES;
				CLANG_WARN__DUPLICATE_METHOD_MATCH = YES;
				COPY_PHASE_STRIP = NO;
				DEBUG_INFORMATION_FORMAT = dwarf;
				ENABLE_STRICT_OBJC_MSGSEND = YES;
				ENABLE_TESTABILITY = YES;
				GCC_C_LANGUAGE_STANDARD = gnu11;
				GCC_DYNAMIC_NO_PIC = NO;
				GCC_NO_COMMON_BLOCKS = YES;
				GCC_OPTIMIZATION_LEVEL = 0;
				GCC_PREPROCESSOR_DEFINITIONS = (
					"DEBUG=1",
					"$(inherited)",
				);
				GCC_WARN_64_TO_32_BIT_CONVERSION = YES;
				GCC_WARN_ABOUT_RETURN_TYPE = YES_ERROR;
				GCC_WARN_UNDECLARED_SELECTOR = YES;
				GCC_WARN_UNINITIALIZED_AUTOS = YES_AGGRESSIVE;
				GCC_WARN_UNUSED_FUNCTION = YES;
				GCC_WARN_UNUSED_VARIABLE = YES;
				MTL_ENABLE_DEBUG_INFO = INCLUDE_SOURCE;
				MTL_FAST_MATH = YES;
				ONLY_ACTIVE_ARCH = YES;
				SWIFT_ACTIVE_COMPILATION_CONDITIONS = DEBUG;
				SWIFT_OPTIMIZATION_LEVEL = "-Onone";
			};
			name = Debug;
		};
		A5C449C528794E64006E7811 /* Release */ = {
			isa = XCBuildConfiguration;
			buildSettings = {
				ALWAYS_SEARCH_USER_PATHS = NO;
				CLANG_ANALYZER_NONNULL = YES;
				CLANG_ANALYZER_NUMBER_OBJECT_CONVERSION = YES_AGGRESSIVE;
				CLANG_CXX_LANGUAGE_STANDARD = "gnu++17";
				CLANG_ENABLE_MODULES = YES;
				CLANG_ENABLE_OBJC_ARC = YES;
				CLANG_ENABLE_OBJC_WEAK = YES;
				CLANG_WARN_BLOCK_CAPTURE_AUTORELEASING = YES;
				CLANG_WARN_BOOL_CONVERSION = YES;
				CLANG_WARN_COMMA = YES;
				CLANG_WARN_CONSTANT_CONVERSION = YES;
				CLANG_WARN_DEPRECATED_OBJC_IMPLEMENTATIONS = YES;
				CLANG_WARN_DIRECT_OBJC_ISA_USAGE = YES_ERROR;
				CLANG_WARN_DOCUMENTATION_COMMENTS = YES;
				CLANG_WARN_EMPTY_BODY = YES;
				CLANG_WARN_ENUM_CONVERSION = YES;
				CLANG_WARN_INFINITE_RECURSION = YES;
				CLANG_WARN_INT_CONVERSION = YES;
				CLANG_WARN_NON_LITERAL_NULL_CONVERSION = YES;
				CLANG_WARN_OBJC_IMPLICIT_RETAIN_SELF = YES;
				CLANG_WARN_OBJC_LITERAL_CONVERSION = YES;
				CLANG_WARN_OBJC_ROOT_CLASS = YES_ERROR;
				CLANG_WARN_QUOTED_INCLUDE_IN_FRAMEWORK_HEADER = YES;
				CLANG_WARN_RANGE_LOOP_ANALYSIS = YES;
				CLANG_WARN_STRICT_PROTOTYPES = YES;
				CLANG_WARN_SUSPICIOUS_MOVE = YES;
				CLANG_WARN_UNGUARDED_AVAILABILITY = YES_AGGRESSIVE;
				CLANG_WARN_UNREACHABLE_CODE = YES;
				CLANG_WARN__DUPLICATE_METHOD_MATCH = YES;
				COPY_PHASE_STRIP = NO;
				DEBUG_INFORMATION_FORMAT = "dwarf-with-dsym";
				ENABLE_NS_ASSERTIONS = NO;
				ENABLE_STRICT_OBJC_MSGSEND = YES;
				GCC_C_LANGUAGE_STANDARD = gnu11;
				GCC_NO_COMMON_BLOCKS = YES;
				GCC_WARN_64_TO_32_BIT_CONVERSION = YES;
				GCC_WARN_ABOUT_RETURN_TYPE = YES_ERROR;
				GCC_WARN_UNDECLARED_SELECTOR = YES;
				GCC_WARN_UNINITIALIZED_AUTOS = YES_AGGRESSIVE;
				GCC_WARN_UNUSED_FUNCTION = YES;
				GCC_WARN_UNUSED_VARIABLE = YES;
				MTL_ENABLE_DEBUG_INFO = NO;
				MTL_FAST_MATH = YES;
				SWIFT_COMPILATION_MODE = wholemodule;
				SWIFT_OPTIMIZATION_LEVEL = "-O";
			};
			name = Release;
		};
		A5C449C728794E64006E7811 /* Debug */ = {
			isa = XCBuildConfiguration;
			buildSettings = {
				ASSETCATALOG_COMPILER_APPICON_NAME = AppIcon;
				ASSETCATALOG_COMPILER_GLOBAL_ACCENT_COLOR_NAME = AccentColor;
				CODE_SIGN_STYLE = Automatic;
				CURRENT_PROJECT_VERSION = 1;
				DEVELOPMENT_TEAM = C8WB8HGPQW;
				ENABLE_PREVIEWS = YES;
				GENERATE_INFOPLIST_FILE = YES;
				INFOPLIST_KEY_UIApplicationSceneManifest_Generation = YES;
				INFOPLIST_KEY_UIApplicationSupportsIndirectInputEvents = YES;
				INFOPLIST_KEY_UILaunchScreen_Generation = YES;
				INFOPLIST_KEY_UISupportedInterfaceOrientations_iPad = "UIInterfaceOrientationPortrait UIInterfaceOrientationPortraitUpsideDown UIInterfaceOrientationLandscapeLeft UIInterfaceOrientationLandscapeRight";
				INFOPLIST_KEY_UISupportedInterfaceOrientations_iPhone = "UIInterfaceOrientationPortrait UIInterfaceOrientationLandscapeLeft UIInterfaceOrientationLandscapeRight";
				IPHONEOS_DEPLOYMENT_TARGET = 15.5;
				LD_RUNPATH_SEARCH_PATHS = (
					"$(inherited)",
					"@executable_path/Frameworks",
				);
				MARKETING_VERSION = 1.0;
				PRODUCT_BUNDLE_IDENTIFIER = anolen.GITHUB;
				PRODUCT_NAME = GITHUB;
				SDKROOT = iphoneos;
				SWIFT_EMIT_LOC_STRINGS = YES;
				SWIFT_VERSION = 5.0;
				TARGETED_DEVICE_FAMILY = "1,2";
			};
			name = Debug;
		};
		A5C449C828794E64006E7811 /* Release */ = {
			isa = XCBuildConfiguration;
			buildSettings = {
				ASSETCATALOG_COMPILER_APPICON_NAME = AppIcon;
				ASSETCATALOG_COMPILER_GLOBAL_ACCENT_COLOR_NAME = AccentColor;
				CODE_SIGN_STYLE = Automatic;
				CURRENT_PROJECT_VERSION = 1;
				DEVELOPMENT_TEAM = C8WB8HGPQW;
				ENABLE_PREVIEWS = YES;
				GENERATE_INFOPLIST_FILE = YES;
				INFOPLIST_KEY_UIApplicationSceneManifest_Generation = YES;
				INFOPLIST_KEY_UIApplicationSupportsIndirectInputEvents = YES;
				INFOPLIST_KEY_UILaunchScreen_Generation = YES;
				INFOPLIST_KEY_UISupportedInterfaceOrientations_iPad = "UIInterfaceOrientationPortrait UIInterfaceOrientationPortraitUpsideDown UIInterfaceOrientationLandscapeLeft UIInterfaceOrientationLandscapeRight";
				INFOPLIST_KEY_UISupportedInterfaceOrientations_iPhone = "UIInterfaceOrientationPortrait UIInterfaceOrientationLandscapeLeft UIInterfaceOrientationLandscapeRight";
				IPHONEOS_DEPLOYMENT_TARGET = 15.5;
				LD_RUNPATH_SEARCH_PATHS = (
					"$(inherited)",
					"@executable_path/Frameworks",
				);
				MARKETING_VERSION = 1.0;
				PRODUCT_BUNDLE_IDENTIFIER = anolen.GITHUB;
				PRODUCT_NAME = GITHUB;
				SDKROOT = iphoneos;
				SWIFT_EMIT_LOC_STRINGS = YES;
				SWIFT_VERSION = 5.0;
				TARGETED_DEVICE_FAMILY = "1,2";
				VALIDATE_PRODUCT = YES;
			};
			name = Release;
		};
		A5C449CA28794E64006E7811 /* Debug */ = {
			isa = XCBuildConfiguration;
			buildSettings = {
				ASSETCATALOG_COMPILER_APPICON_NAME = AppIcon;
				ASSETCATALOG_COMPILER_GLOBAL_ACCENT_COLOR_NAME = AccentColor;
				CODE_SIGN_ENTITLEMENTS = macOS/macOS.entitlements;
				CODE_SIGN_STYLE = Automatic;
				COMBINE_HIDPI_IMAGES = YES;
				CURRENT_PROJECT_VERSION = 1;
				DEVELOPMENT_TEAM = C8WB8HGPQW;
				ENABLE_HARDENED_RUNTIME = YES;
				ENABLE_PREVIEWS = YES;
				GENERATE_INFOPLIST_FILE = YES;
				INFOPLIST_KEY_NSHumanReadableCopyright = "";
				LD_RUNPATH_SEARCH_PATHS = (
					"$(inherited)",
					"@executable_path/../Frameworks",
				);
				MACOSX_DEPLOYMENT_TARGET = 12.3;
				MARKETING_VERSION = 1.0;
				PRODUCT_BUNDLE_IDENTIFIER = anolen.GITHUB;
				PRODUCT_NAME = GITHUB;
				SDKROOT = macosx;
				SWIFT_EMIT_LOC_STRINGS = YES;
				SWIFT_VERSION = 5.0;
			};
			name = Debug;
		};
		A5C449CB28794E64006E7811 /* Release */ = {
			isa = XCBuildConfiguration;
			buildSettings = {
				ASSETCATALOG_COMPILER_APPICON_NAME = AppIcon;
				ASSETCATALOG_COMPILER_GLOBAL_ACCENT_COLOR_NAME = AccentColor;
				CODE_SIGN_ENTITLEMENTS = macOS/macOS.entitlements;
				CODE_SIGN_STYLE = Automatic;
				COMBINE_HIDPI_IMAGES = YES;
				CURRENT_PROJECT_VERSION = 1;
				DEVELOPMENT_TEAM = C8WB8HGPQW;
				ENABLE_HARDENED_RUNTIME = YES;
				ENABLE_PREVIEWS = YES;
				GENERATE_INFOPLIST_FILE = YES;
				INFOPLIST_KEY_NSHumanReadableCopyright = "";
				LD_RUNPATH_SEARCH_PATHS = (
					"$(inherited)",
					"@executable_path/../Frameworks",
				);
				MACOSX_DEPLOYMENT_TARGET = 12.3;
				MARKETING_VERSION = 1.0;
				PRODUCT_BUNDLE_IDENTIFIER = anolen.GITHUB;
				PRODUCT_NAME = GITHUB;
				SDKROOT = macosx;
				SWIFT_EMIT_LOC_STRINGS = YES;
				SWIFT_VERSION = 5.0;
			};
			name = Release;
		};
		A5C449CD28794E64006E7811 /* Debug */ = {
			isa = XCBuildConfiguration;
			buildSettings = {
				ALWAYS_EMBED_SWIFT_STANDARD_LIBRARIES = YES;
				CODE_SIGN_STYLE = Automatic;
				CURRENT_PROJECT_VERSION = 1;
				DEVELOPMENT_TEAM = C8WB8HGPQW;
				GENERATE_INFOPLIST_FILE = YES;
				IPHONEOS_DEPLOYMENT_TARGET = 15.5;
				MARKETING_VERSION = 1.0;
				PRODUCT_BUNDLE_IDENTIFIER = "anolen.Tests-iOS";
				PRODUCT_NAME = "$(TARGET_NAME)";
				SDKROOT = iphoneos;
				SWIFT_EMIT_LOC_STRINGS = NO;
				SWIFT_VERSION = 5.0;
				TARGETED_DEVICE_FAMILY = "1,2";
				TEST_TARGET_NAME = "GITHUB (iOS)";
			};
			name = Debug;
		};
		A5C449CE28794E64006E7811 /* Release */ = {
			isa = XCBuildConfiguration;
			buildSettings = {
				ALWAYS_EMBED_SWIFT_STANDARD_LIBRARIES = YES;
				CODE_SIGN_STYLE = Automatic;
				CURRENT_PROJECT_VERSION = 1;
				DEVELOPMENT_TEAM = C8WB8HGPQW;
				GENERATE_INFOPLIST_FILE = YES;
				IPHONEOS_DEPLOYMENT_TARGET = 15.5;
				MARKETING_VERSION = 1.0;
				PRODUCT_BUNDLE_IDENTIFIER = "anolen.Tests-iOS";
				PRODUCT_NAME = "$(TARGET_NAME)";
				SDKROOT = iphoneos;
				SWIFT_EMIT_LOC_STRINGS = NO;
				SWIFT_VERSION = 5.0;
				TARGETED_DEVICE_FAMILY = "1,2";
				TEST_TARGET_NAME = "GITHUB (iOS)";
				VALIDATE_PRODUCT = YES;
			};
			name = Release;
		};
		A5C449D028794E64006E7811 /* Debug */ = {
			isa = XCBuildConfiguration;
			buildSettings = {
				ALWAYS_EMBED_SWIFT_STANDARD_LIBRARIES = YES;
				CODE_SIGN_STYLE = Automatic;
				CURRENT_PROJECT_VERSION = 1;
				DEVELOPMENT_TEAM = C8WB8HGPQW;
				GENERATE_INFOPLIST_FILE = YES;
				MACOSX_DEPLOYMENT_TARGET = 12.3;
				MARKETING_VERSION = 1.0;
				PRODUCT_BUNDLE_IDENTIFIER = "anolen.Tests-macOS";
				PRODUCT_NAME = "$(TARGET_NAME)";
				SDKROOT = macosx;
				SWIFT_EMIT_LOC_STRINGS = NO;
				SWIFT_VERSION = 5.0;
				TEST_TARGET_NAME = "GITHUB (macOS)";
			};
			name = Debug;
		};
		A5C449D128794E64006E7811 /* Release */ = {
			isa = XCBuildConfiguration;
			buildSettings = {
				ALWAYS_EMBED_SWIFT_STANDARD_LIBRARIES = YES;
				CODE_SIGN_STYLE = Automatic;
				CURRENT_PROJECT_VERSION = 1;
				DEVELOPMENT_TEAM = C8WB8HGPQW;
				GENERATE_INFOPLIST_FILE = YES;
				MACOSX_DEPLOYMENT_TARGET = 12.3;
				MARKETING_VERSION = 1.0;
				PRODUCT_BUNDLE_IDENTIFIER = "anolen.Tests-macOS";
				PRODUCT_NAME = "$(TARGET_NAME)";
				SDKROOT = macosx;
				SWIFT_EMIT_LOC_STRINGS = NO;
				SWIFT_VERSION = 5.0;
				TEST_TARGET_NAME = "GITHUB (macOS)";
			};
			name = Release;
		};
/* End XCBuildConfiguration section */

/* Begin XCConfigurationList section */
		A5C4499428794E5F006E7811 /* Build configuration list for PBXProject "GITHUB" */ = {
			isa = XCConfigurationList;
			buildConfigurations = (
				A5C449C428794E64006E7811 /* Debug */,
				A5C449C528794E64006E7811 /* Release */,
			);
			defaultConfigurationIsVisible = 0;
			defaultConfigurationName = Release;
		};
		A5C449C628794E64006E7811 /* Build configuration list for PBXNativeTarget "GITHUB (iOS)" */ = {
			isa = XCConfigurationList;
			buildConfigurations = (
				A5C449C728794E64006E7811 /* Debug */,
				A5C449C828794E64006E7811 /* Release */,
			);
			defaultConfigurationIsVisible = 0;
			defaultConfigurationName = Release;
		};
		A5C449C928794E64006E7811 /* Build configuration list for PBXNativeTarget "GITHUB (macOS)" */ = {
			isa = XCConfigurationList;
			buildConfigurations = (
				A5C449CA28794E64006E7811 /* Debug */,
				A5C449CB28794E64006E7811 /* Release */,
			);
			defaultConfigurationIsVisible = 0;
			defaultConfigurationName = Release;
		};
		A5C449CC28794E64006E7811 /* Build configuration list for PBXNativeTarget "Tests iOS" */ = {
			isa = XCConfigurationList;
			buildConfigurations = (
				A5C449CD28794E64006E7811 /* Debug */,
				A5C449CE28794E64006E7811 /* Release */,
			);
			defaultConfigurationIsVisible = 0;
			defaultConfigurationName = Release;
		};
		A5C449CF28794E64006E7811 /* Build configuration list for PBXNativeTarget "Tests macOS" */ = {
			isa = XCConfigurationList;
			buildConfigurations = (
				A5C449D028794E64006E7811 /* Debug */,
				A5C449D128794E64006E7811 /* Release */,
			);
			defaultConfigurationIsVisible = 0;
			defaultConfigurationName = Release;
		};
/* End XCConfigurationList section */
	};
	rootObject = A5C4499128794E5F006E7811 /* Project object */;
}
